// !$*UTF8*$!
{
	archiveVersion = 1;
	classes = {
	};
	objectVersion = 55;
	objects = {

/* Begin PBXBuildFile section */
		07E2336A276B32C500126190 /* NewsOnMyWatch WatchKit App.app in Embed Watch Content */ = {isa = PBXBuildFile; fileRef = 07E23369276B32C500126190 /* NewsOnMyWatch WatchKit App.app */; settings = {ATTRIBUTES = (RemoveHeadersOnCopy, ); }; };
		07E2336F276B32CA00126190 /* Assets.xcassets in Resources */ = {isa = PBXBuildFile; fileRef = 07E2336E276B32CA00126190 /* Assets.xcassets */; };
		07E23375276B32CB00126190 /* NewsOnMyWatch WatchKit Extension.appex in Embed App Extensions */ = {isa = PBXBuildFile; fileRef = 07E23374276B32CB00126190 /* NewsOnMyWatch WatchKit Extension.appex */; settings = {ATTRIBUTES = (RemoveHeadersOnCopy, ); }; };
		07E2337A276B32CB00126190 /* NewsOnMyWatchApp.swift in Sources */ = {isa = PBXBuildFile; fileRef = 07E23379276B32CB00126190 /* NewsOnMyWatchApp.swift */; };
		07E2337C276B32CB00126190 /* ContentView.swift in Sources */ = {isa = PBXBuildFile; fileRef = 07E2337B276B32CB00126190 /* ContentView.swift */; };
		07E2337E276B32CB00126190 /* NotificationController.swift in Sources */ = {isa = PBXBuildFile; fileRef = 07E2337D276B32CB00126190 /* NotificationController.swift */; };
		07E23380276B32CB00126190 /* NotificationView.swift in Sources */ = {isa = PBXBuildFile; fileRef = 07E2337F276B32CB00126190 /* NotificationView.swift */; };
		07E23382276B32CB00126190 /* ComplicationController.swift in Sources */ = {isa = PBXBuildFile; fileRef = 07E23381276B32CB00126190 /* ComplicationController.swift */; };
		07E23384276B32CC00126190 /* Assets.xcassets in Resources */ = {isa = PBXBuildFile; fileRef = 07E23383276B32CC00126190 /* Assets.xcassets */; };
		07E23387276B32CC00126190 /* Preview Assets.xcassets in Resources */ = {isa = PBXBuildFile; fileRef = 07E23386276B32CC00126190 /* Preview Assets.xcassets */; };
/* End PBXBuildFile section */

/* Begin PBXContainerItemProxy section */
		07E2336B276B32C500126190 /* PBXContainerItemProxy */ = {
			isa = PBXContainerItemProxy;
			containerPortal = 07E2335F276B32C500126190 /* Project object */;
			proxyType = 1;
			remoteGlobalIDString = 07E23368276B32C500126190;
			remoteInfo = "NewsOnMyWatch WatchKit App";
		};
		07E23376276B32CB00126190 /* PBXContainerItemProxy */ = {
			isa = PBXContainerItemProxy;
			containerPortal = 07E2335F276B32C500126190 /* Project object */;
			proxyType = 1;
			remoteGlobalIDString = 07E23373276B32CB00126190;
			remoteInfo = "NewsOnMyWatch WatchKit Extension";
		};
/* End PBXContainerItemProxy section */

/* Begin PBXCopyFilesBuildPhase section */
		07E2338F276B32CC00126190 /* Embed App Extensions */ = {
			isa = PBXCopyFilesBuildPhase;
			buildActionMask = 2147483647;
			dstPath = "";
			dstSubfolderSpec = 13;
			files = (
				07E23375276B32CB00126190 /* NewsOnMyWatch WatchKit Extension.appex in Embed App Extensions */,
			);
			name = "Embed App Extensions";
			runOnlyForDeploymentPostprocessing = 0;
		};
		07E23393276B32CC00126190 /* Embed Watch Content */ = {
			isa = PBXCopyFilesBuildPhase;
			buildActionMask = 2147483647;
			dstPath = "$(CONTENTS_FOLDER_PATH)/Watch";
			dstSubfolderSpec = 16;
			files = (
				07E2336A276B32C500126190 /* NewsOnMyWatch WatchKit App.app in Embed Watch Content */,
			);
			name = "Embed Watch Content";
			runOnlyForDeploymentPostprocessing = 0;
		};
/* End PBXCopyFilesBuildPhase section */

/* Begin PBXFileReference section */
		07E23365276B32C500126190 /* NewsOnMyWatch.app */ = {isa = PBXFileReference; explicitFileType = wrapper.application; includeInIndex = 0; path = NewsOnMyWatch.app; sourceTree = BUILT_PRODUCTS_DIR; };
		07E23369276B32C500126190 /* NewsOnMyWatch WatchKit App.app */ = {isa = PBXFileReference; explicitFileType = wrapper.application; includeInIndex = 0; path = "NewsOnMyWatch WatchKit App.app"; sourceTree = BUILT_PRODUCTS_DIR; };
		07E2336E276B32CA00126190 /* Assets.xcassets */ = {isa = PBXFileReference; lastKnownFileType = folder.assetcatalog; path = Assets.xcassets; sourceTree = "<group>"; };
		07E23374276B32CB00126190 /* NewsOnMyWatch WatchKit Extension.appex */ = {isa = PBXFileReference; explicitFileType = "wrapper.app-extension"; includeInIndex = 0; path = "NewsOnMyWatch WatchKit Extension.appex"; sourceTree = BUILT_PRODUCTS_DIR; };
		07E23379276B32CB00126190 /* NewsOnMyWatchApp.swift */ = {isa = PBXFileReference; lastKnownFileType = sourcecode.swift; path = NewsOnMyWatchApp.swift; sourceTree = "<group>"; };
		07E2337B276B32CB00126190 /* ContentView.swift */ = {isa = PBXFileReference; lastKnownFileType = sourcecode.swift; path = ContentView.swift; sourceTree = "<group>"; };
		07E2337D276B32CB00126190 /* NotificationController.swift */ = {isa = PBXFileReference; lastKnownFileType = sourcecode.swift; path = NotificationController.swift; sourceTree = "<group>"; };
		07E2337F276B32CB00126190 /* NotificationView.swift */ = {isa = PBXFileReference; lastKnownFileType = sourcecode.swift; path = NotificationView.swift; sourceTree = "<group>"; };
		07E23381276B32CB00126190 /* ComplicationController.swift */ = {isa = PBXFileReference; lastKnownFileType = sourcecode.swift; path = ComplicationController.swift; sourceTree = "<group>"; };
		07E23383276B32CC00126190 /* Assets.xcassets */ = {isa = PBXFileReference; lastKnownFileType = folder.assetcatalog; path = Assets.xcassets; sourceTree = "<group>"; };
		07E23386276B32CC00126190 /* Preview Assets.xcassets */ = {isa = PBXFileReference; lastKnownFileType = folder.assetcatalog; path = "Preview Assets.xcassets"; sourceTree = "<group>"; };
		07E23388276B32CC00126190 /* Info.plist */ = {isa = PBXFileReference; lastKnownFileType = text.plist.xml; path = Info.plist; sourceTree = "<group>"; };
		07E23389276B32CC00126190 /* PushNotificationPayload.apns */ = {isa = PBXFileReference; lastKnownFileType = text; path = PushNotificationPayload.apns; sourceTree = "<group>"; };
/* End PBXFileReference section */

/* Begin PBXFrameworksBuildPhase section */
		07E23371276B32CB00126190 /* Frameworks */ = {
			isa = PBXFrameworksBuildPhase;
			buildActionMask = 2147483647;
			files = (
			);
			runOnlyForDeploymentPostprocessing = 0;
		};
/* End PBXFrameworksBuildPhase section */

/* Begin PBXGroup section */
		07E2335E276B32C500126190 = {
			isa = PBXGroup;
			children = (
				07E2336D276B32C500126190 /* NewsOnMyWatch WatchKit App */,
				07E23378276B32CB00126190 /* NewsOnMyWatch WatchKit Extension */,
				07E23366276B32C500126190 /* Products */,
			);
			sourceTree = "<group>";
		};
		07E23366276B32C500126190 /* Products */ = {
			isa = PBXGroup;
			children = (
				07E23365276B32C500126190 /* NewsOnMyWatch.app */,
				07E23369276B32C500126190 /* NewsOnMyWatch WatchKit App.app */,
				07E23374276B32CB00126190 /* NewsOnMyWatch WatchKit Extension.appex */,
			);
			name = Products;
			sourceTree = "<group>";
		};
		07E2336D276B32C500126190 /* NewsOnMyWatch WatchKit App */ = {
			isa = PBXGroup;
			children = (
				07E2336E276B32CA00126190 /* Assets.xcassets */,
			);
			path = "NewsOnMyWatch WatchKit App";
			sourceTree = "<group>";
		};
		07E23378276B32CB00126190 /* NewsOnMyWatch WatchKit Extension */ = {
			isa = PBXGroup;
			children = (
				07E23379276B32CB00126190 /* NewsOnMyWatchApp.swift */,
				07E2337B276B32CB00126190 /* ContentView.swift */,
				07E2337D276B32CB00126190 /* NotificationController.swift */,
				07E2337F276B32CB00126190 /* NotificationView.swift */,
				07E23381276B32CB00126190 /* ComplicationController.swift */,
				07E23383276B32CC00126190 /* Assets.xcassets */,
				07E23388276B32CC00126190 /* Info.plist */,
				07E23389276B32CC00126190 /* PushNotificationPayload.apns */,
				07E23385276B32CC00126190 /* Preview Content */,
			);
			path = "NewsOnMyWatch WatchKit Extension";
			sourceTree = "<group>";
		};
		07E23385276B32CC00126190 /* Preview Content */ = {
			isa = PBXGroup;
			children = (
				07E23386276B32CC00126190 /* Preview Assets.xcassets */,
			);
			path = "Preview Content";
			sourceTree = "<group>";
		};
/* End PBXGroup section */

/* Begin PBXNativeTarget section */
		07E23364276B32C500126190 /* NewsOnMyWatch */ = {
			isa = PBXNativeTarget;
			buildConfigurationList = 07E23394276B32CC00126190 /* Build configuration list for PBXNativeTarget "NewsOnMyWatch" */;
			buildPhases = (
				07E23363276B32C500126190 /* Resources */,
				07E23393276B32CC00126190 /* Embed Watch Content */,
			);
			buildRules = (
			);
			dependencies = (
				07E2336C276B32C500126190 /* PBXTargetDependency */,
			);
			name = NewsOnMyWatch;
			productName = NewsOnMyWatch;
			productReference = 07E23365276B32C500126190 /* NewsOnMyWatch.app */;
			productType = "com.apple.product-type.application.watchapp2-container";
		};
		07E23368276B32C500126190 /* NewsOnMyWatch WatchKit App */ = {
			isa = PBXNativeTarget;
			buildConfigurationList = 07E23390276B32CC00126190 /* Build configuration list for PBXNativeTarget "NewsOnMyWatch WatchKit App" */;
			buildPhases = (
				07E23367276B32C500126190 /* Resources */,
				07E2338F276B32CC00126190 /* Embed App Extensions */,
			);
			buildRules = (
			);
			dependencies = (
				07E23377276B32CB00126190 /* PBXTargetDependency */,
			);
			name = "NewsOnMyWatch WatchKit App";
			productName = "NewsOnMyWatch WatchKit App";
			productReference = 07E23369276B32C500126190 /* NewsOnMyWatch WatchKit App.app */;
			productType = "com.apple.product-type.application.watchapp2";
		};
		07E23373276B32CB00126190 /* NewsOnMyWatch WatchKit Extension */ = {
			isa = PBXNativeTarget;
			buildConfigurationList = 07E2338C276B32CC00126190 /* Build configuration list for PBXNativeTarget "NewsOnMyWatch WatchKit Extension" */;
			buildPhases = (
				07E23370276B32CB00126190 /* Sources */,
				07E23371276B32CB00126190 /* Frameworks */,
				07E23372276B32CB00126190 /* Resources */,
			);
			buildRules = (
			);
			dependencies = (
			);
			name = "NewsOnMyWatch WatchKit Extension";
			productName = "NewsOnMyWatch WatchKit Extension";
			productReference = 07E23374276B32CB00126190 /* NewsOnMyWatch WatchKit Extension.appex */;
			productType = "com.apple.product-type.watchkit2-extension";
		};
/* End PBXNativeTarget section */

/* Begin PBXProject section */
		07E2335F276B32C500126190 /* Project object */ = {
			isa = PBXProject;
			attributes = {
				BuildIndependentTargetsInParallel = 1;
				LastSwiftUpdateCheck = 1320;
				LastUpgradeCheck = 1320;
				TargetAttributes = {
					07E23364276B32C500126190 = {
						CreatedOnToolsVersion = 13.2;
					};
					07E23368276B32C500126190 = {
						CreatedOnToolsVersion = 13.2;
					};
					07E23373276B32CB00126190 = {
						CreatedOnToolsVersion = 13.2;
					};
				};
			};
			buildConfigurationList = 07E23362276B32C500126190 /* Build configuration list for PBXProject "NewsOnMyWatch" */;
			compatibilityVersion = "Xcode 13.0";
			developmentRegion = en;
			hasScannedForEncodings = 0;
			knownRegions = (
				en,
				Base,
			);
			mainGroup = 07E2335E276B32C500126190;
			productRefGroup = 07E23366276B32C500126190 /* Products */;
			projectDirPath = "";
			projectRoot = "";
			targets = (
				07E23364276B32C500126190 /* NewsOnMyWatch */,
				07E23368276B32C500126190 /* NewsOnMyWatch WatchKit App */,
				07E23373276B32CB00126190 /* NewsOnMyWatch WatchKit Extension */,
			);
		};
/* End PBXProject section */

/* Begin PBXResourcesBuildPhase section */
		07E23363276B32C500126190 /* Resources */ = {
			isa = PBXResourcesBuildPhase;
			buildActionMask = 2147483647;
			files = (
			);
			runOnlyForDeploymentPostprocessing = 0;
		};
		07E23367276B32C500126190 /* Resources */ = {
			isa = PBXResourcesBuildPhase;
			buildActionMask = 2147483647;
			files = (
				07E2336F276B32CA00126190 /* Assets.xcassets in Resources */,
			);
			runOnlyForDeploymentPostprocessing = 0;
		};
		07E23372276B32CB00126190 /* Resources */ = {
			isa = PBXResourcesBuildPhase;
			buildActionMask = 2147483647;
			files = (
				07E23387276B32CC00126190 /* Preview Assets.xcassets in Resources */,
				07E23384276B32CC00126190 /* Assets.xcassets in Resources */,
			);
			runOnlyForDeploymentPostprocessing = 0;
		};
/* End PBXResourcesBuildPhase section */

/* Begin PBXSourcesBuildPhase section */
		07E23370276B32CB00126190 /* Sources */ = {
			isa = PBXSourcesBuildPhase;
			buildActionMask = 2147483647;
			files = (
				07E2337E276B32CB00126190 /* NotificationController.swift in Sources */,
				07E2337C276B32CB00126190 /* ContentView.swift in Sources */,
				07E23382276B32CB00126190 /* ComplicationController.swift in Sources */,
				07E2337A276B32CB00126190 /* NewsOnMyWatchApp.swift in Sources */,
				07E23380276B32CB00126190 /* NotificationView.swift in Sources */,
			);
			runOnlyForDeploymentPostprocessing = 0;
		};
/* End PBXSourcesBuildPhase section */

/* Begin PBXTargetDependency section */
		07E2336C276B32C500126190 /* PBXTargetDependency */ = {
			isa = PBXTargetDependency;
			target = 07E23368276B32C500126190 /* NewsOnMyWatch WatchKit App */;
			targetProxy = 07E2336B276B32C500126190 /* PBXContainerItemProxy */;
		};
		07E23377276B32CB00126190 /* PBXTargetDependency */ = {
			isa = PBXTargetDependency;
			target = 07E23373276B32CB00126190 /* NewsOnMyWatch WatchKit Extension */;
			targetProxy = 07E23376276B32CB00126190 /* PBXContainerItemProxy */;
		};
/* End PBXTargetDependency section */

/* Begin XCBuildConfiguration section */
		07E2338A276B32CC00126190 /* Debug */ = {
			isa = XCBuildConfiguration;
			buildSettings = {
				ALWAYS_SEARCH_USER_PATHS = NO;
				CLANG_ANALYZER_NONNULL = YES;
				CLANG_ANALYZER_NUMBER_OBJECT_CONVERSION = YES_AGGRESSIVE;
				CLANG_CXX_LANGUAGE_STANDARD = "gnu++17";
				CLANG_CXX_LIBRARY = "libc++";
				CLANG_ENABLE_MODULES = YES;
				CLANG_ENABLE_OBJC_ARC = YES;
				CLANG_ENABLE_OBJC_WEAK = YES;
				CLANG_WARN_BLOCK_CAPTURE_AUTORELEASING = YES;
				CLANG_WARN_BOOL_CONVERSION = YES;
				CLANG_WARN_COMMA = YES;
				CLANG_WARN_CONSTANT_CONVERSION = YES;
				CLANG_WARN_DEPRECATED_OBJC_IMPLEMENTATIONS = YES;
				CLANG_WARN_DIRECT_OBJC_ISA_USAGE = YES_ERROR;
				CLANG_WARN_DOCUMENTATION_COMMENTS = YES;
				CLANG_WARN_EMPTY_BODY = YES;
				CLANG_WARN_ENUM_CONVERSION = YES;
				CLANG_WARN_INFINITE_RECURSION = YES;
				CLANG_WARN_INT_CONVERSION = YES;
				CLANG_WARN_NON_LITERAL_NULL_CONVERSION = YES;
				CLANG_WARN_OBJC_IMPLICIT_RETAIN_SELF = YES;
				CLANG_WARN_OBJC_LITERAL_CONVERSION = YES;
				CLANG_WARN_OBJC_ROOT_CLASS = YES_ERROR;
				CLANG_WARN_QUOTED_INCLUDE_IN_FRAMEWORK_HEADER = YES;
				CLANG_WARN_RANGE_LOOP_ANALYSIS = YES;
				CLANG_WARN_STRICT_PROTOTYPES = YES;
				CLANG_WARN_SUSPICIOUS_MOVE = YES;
				CLANG_WARN_UNGUARDED_AVAILABILITY = YES_AGGRESSIVE;
				CLANG_WARN_UNREACHABLE_CODE = YES;
				CLANG_WARN__DUPLICATE_METHOD_MATCH = YES;
				COPY_PHASE_STRIP = NO;
				DEBUG_INFORMATION_FORMAT = dwarf;
				ENABLE_STRICT_OBJC_MSGSEND = YES;
				ENABLE_TESTABILITY = YES;
				GCC_C_LANGUAGE_STANDARD = gnu11;
				GCC_DYNAMIC_NO_PIC = NO;
				GCC_NO_COMMON_BLOCKS = YES;
				GCC_OPTIMIZATION_LEVEL = 0;
				GCC_PREPROCESSOR_DEFINITIONS = (
					"DEBUG=1",
					"$(inherited)",
				);
				GCC_WARN_64_TO_32_BIT_CONVERSION = YES;
				GCC_WARN_ABOUT_RETURN_TYPE = YES_ERROR;
				GCC_WARN_UNDECLARED_SELECTOR = YES;
				GCC_WARN_UNINITIALIZED_AUTOS = YES_AGGRESSIVE;
				GCC_WARN_UNUSED_FUNCTION = YES;
				GCC_WARN_UNUSED_VARIABLE = YES;
				MTL_ENABLE_DEBUG_INFO = INCLUDE_SOURCE;
				MTL_FAST_MATH = YES;
				ONLY_ACTIVE_ARCH = YES;
				SDKROOT = iphoneos;
				SWIFT_ACTIVE_COMPILATION_CONDITIONS = DEBUG;
				SWIFT_OPTIMIZATION_LEVEL = "-Onone";
			};
			name = Debug;
		};
		07E2338B276B32CC00126190 /* Release */ = {
			isa = XCBuildConfiguration;
			buildSettings = {
				ALWAYS_SEARCH_USER_PATHS = NO;
				CLANG_ANALYZER_NONNULL = YES;
				CLANG_ANALYZER_NUMBER_OBJECT_CONVERSION = YES_AGGRESSIVE;
				CLANG_CXX_LANGUAGE_STANDARD = "gnu++17";
				CLANG_CXX_LIBRARY = "libc++";
				CLANG_ENABLE_MODULES = YES;
				CLANG_ENABLE_OBJC_ARC = YES;
				CLANG_ENABLE_OBJC_WEAK = YES;
				CLANG_WARN_BLOCK_CAPTURE_AUTORELEASING = YES;
				CLANG_WARN_BOOL_CONVERSION = YES;
				CLANG_WARN_COMMA = YES;
				CLANG_WARN_CONSTANT_CONVERSION = YES;
				CLANG_WARN_DEPRECATED_OBJC_IMPLEMENTATIONS = YES;
				CLANG_WARN_DIRECT_OBJC_ISA_USAGE = YES_ERROR;
				CLANG_WARN_DOCUMENTATION_COMMENTS = YES;
				CLANG_WARN_EMPTY_BODY = YES;
				CLANG_WARN_ENUM_CONVERSION = YES;
				CLANG_WARN_INFINITE_RECURSION = YES;
				CLANG_WARN_INT_CONVERSION = YES;
				CLANG_WARN_NON_LITERAL_NULL_CONVERSION = YES;
				CLANG_WARN_OBJC_IMPLICIT_RETAIN_SELF = YES;
				CLANG_WARN_OBJC_LITERAL_CONVERSION = YES;
				CLANG_WARN_OBJC_ROOT_CLASS = YES_ERROR;
				CLANG_WARN_QUOTED_INCLUDE_IN_FRAMEWORK_HEADER = YES;
				CLANG_WARN_RANGE_LOOP_ANALYSIS = YES;
				CLANG_WARN_STRICT_PROTOTYPES = YES;
				CLANG_WARN_SUSPICIOUS_MOVE = YES;
				CLANG_WARN_UNGUARDED_AVAILABILITY = YES_AGGRESSIVE;
				CLANG_WARN_UNREACHABLE_CODE = YES;
				CLANG_WARN__DUPLICATE_METHOD_MATCH = YES;
				COPY_PHASE_STRIP = NO;
				DEBUG_INFORMATION_FORMAT = "dwarf-with-dsym";
				ENABLE_NS_ASSERTIONS = NO;
				ENABLE_STRICT_OBJC_MSGSEND = YES;
				GCC_C_LANGUAGE_STANDARD = gnu11;
				GCC_NO_COMMON_BLOCKS = YES;
				GCC_WARN_64_TO_32_BIT_CONVERSION = YES;
				GCC_WARN_ABOUT_RETURN_TYPE = YES_ERROR;
				GCC_WARN_UNDECLARED_SELECTOR = YES;
				GCC_WARN_UNINITIALIZED_AUTOS = YES_AGGRESSIVE;
				GCC_WARN_UNUSED_FUNCTION = YES;
				GCC_WARN_UNUSED_VARIABLE = YES;
				MTL_ENABLE_DEBUG_INFO = NO;
				MTL_FAST_MATH = YES;
				SDKROOT = iphoneos;
				SWIFT_COMPILATION_MODE = wholemodule;
				SWIFT_OPTIMIZATION_LEVEL = "-O";
				VALIDATE_PRODUCT = YES;
			};
			name = Release;
		};
		07E2338D276B32CC00126190 /* Debug */ = {
			isa = XCBuildConfiguration;
			buildSettings = {
				ASSETCATALOG_COMPILER_COMPLICATION_NAME = Complication;
				CODE_SIGN_STYLE = Automatic;
				CURRENT_PROJECT_VERSION = 1;
				DEVELOPMENT_ASSET_PATHS = "\"NewsOnMyWatch WatchKit Extension/Preview Content\"";
				DEVELOPMENT_TEAM = 2357A78TMR;
				ENABLE_PREVIEWS = YES;
				GENERATE_INFOPLIST_FILE = YES;
				INFOPLIST_FILE = "NewsOnMyWatch WatchKit Extension/Info.plist";
				INFOPLIST_KEY_CFBundleDisplayName = "NewsOnMyWatch WatchKit Extension";
				INFOPLIST_KEY_CLKComplicationPrincipalClass = "$(PRODUCT_MODULE_NAME).ComplicationController";
				INFOPLIST_KEY_NSHumanReadableCopyright = "";
				INFOPLIST_KEY_WKWatchOnly = YES;
				LD_RUNPATH_SEARCH_PATHS = (
					"$(inherited)",
					"@executable_path/Frameworks",
					"@executable_path/../../Frameworks",
				);
				MARKETING_VERSION = 1.0;
				PRODUCT_BUNDLE_IDENTIFIER = com.nulltwenty.NewsOnMyWatch.watchkitapp.watchkitextension;
				PRODUCT_NAME = "${TARGET_NAME}";
				SDKROOT = watchos;
				SKIP_INSTALL = YES;
				SWIFT_EMIT_LOC_STRINGS = YES;
				SWIFT_VERSION = 5.0;
				TARGETED_DEVICE_FAMILY = 4;
				WATCHOS_DEPLOYMENT_TARGET = 8.3;
			};
			name = Debug;
		};
		07E2338E276B32CC00126190 /* Release */ = {
			isa = XCBuildConfiguration;
			buildSettings = {
				ASSETCATALOG_COMPILER_COMPLICATION_NAME = Complication;
				CODE_SIGN_STYLE = Automatic;
				CURRENT_PROJECT_VERSION = 1;
				DEVELOPMENT_ASSET_PATHS = "\"NewsOnMyWatch WatchKit Extension/Preview Content\"";
				DEVELOPMENT_TEAM = 2357A78TMR;
				ENABLE_PREVIEWS = YES;
				GENERATE_INFOPLIST_FILE = YES;
				INFOPLIST_FILE = "NewsOnMyWatch WatchKit Extension/Info.plist";
				INFOPLIST_KEY_CFBundleDisplayName = "NewsOnMyWatch WatchKit Extension";
				INFOPLIST_KEY_CLKComplicationPrincipalClass = "$(PRODUCT_MODULE_NAME).ComplicationController";
				INFOPLIST_KEY_NSHumanReadableCopyright = "";
				INFOPLIST_KEY_WKWatchOnly = YES;
				LD_RUNPATH_SEARCH_PATHS = (
					"$(inherited)",
					"@executable_path/Frameworks",
					"@executable_path/../../Frameworks",
				);
				MARKETING_VERSION = 1.0;
				PRODUCT_BUNDLE_IDENTIFIER = com.nulltwenty.NewsOnMyWatch.watchkitapp.watchkitextension;
				PRODUCT_NAME = "${TARGET_NAME}";
				SDKROOT = watchos;
				SKIP_INSTALL = YES;
				SWIFT_EMIT_LOC_STRINGS = YES;
				SWIFT_VERSION = 5.0;
				TARGETED_DEVICE_FAMILY = 4;
				WATCHOS_DEPLOYMENT_TARGET = 8.3;
			};
			name = Release;
		};
		07E23391276B32CC00126190 /* Debug */ = {
			isa = XCBuildConfiguration;
			buildSettings = {
				ALWAYS_EMBED_SWIFT_STANDARD_LIBRARIES = YES;
				ASSETCATALOG_COMPILER_APPICON_NAME = AppIcon;
				ASSETCATALOG_COMPILER_GLOBAL_ACCENT_COLOR_NAME = AccentColor;
				CODE_SIGN_STYLE = Automatic;
				CURRENT_PROJECT_VERSION = 1;
				DEVELOPMENT_TEAM = 2357A78TMR;
				GENERATE_INFOPLIST_FILE = YES;
				IBSC_MODULE = NewsOnMyWatch_WatchKit_Extension;
				INFOPLIST_KEY_CFBundleDisplayName = "NewsOnMyWatch WatchKit App";
				INFOPLIST_KEY_UISupportedInterfaceOrientations = "UIInterfaceOrientationPortrait UIInterfaceOrientationPortraitUpsideDown";
				MARKETING_VERSION = 1.0;
				PRODUCT_BUNDLE_IDENTIFIER = com.nulltwenty.NewsOnMyWatch.watchkitapp;
				PRODUCT_NAME = "$(TARGET_NAME)";
				SDKROOT = watchos;
				SKIP_INSTALL = YES;
				SWIFT_EMIT_LOC_STRINGS = YES;
				SWIFT_VERSION = 5.0;
				TARGETED_DEVICE_FAMILY = 4;
				WATCHOS_DEPLOYMENT_TARGET = 8.3;
			};
			name = Debug;
		};
		07E23392276B32CC00126190 /* Release */ = {
			isa = XCBuildConfiguration;
			buildSettings = {
				ALWAYS_EMBED_SWIFT_STANDARD_LIBRARIES = YES;
				ASSETCATALOG_COMPILER_APPICON_NAME = AppIcon;
				ASSETCATALOG_COMPILER_GLOBAL_ACCENT_COLOR_NAME = AccentColor;
				CODE_SIGN_STYLE = Automatic;
				CURRENT_PROJECT_VERSION = 1;
				DEVELOPMENT_TEAM = 2357A78TMR;
				GENERATE_INFOPLIST_FILE = YES;
				IBSC_MODULE = NewsOnMyWatch_WatchKit_Extension;
				INFOPLIST_KEY_CFBundleDisplayName = "NewsOnMyWatch WatchKit App";
				INFOPLIST_KEY_UISupportedInterfaceOrientations = "UIInterfaceOrientationPortrait UIInterfaceOrientationPortraitUpsideDown";
				MARKETING_VERSION = 1.0;
				PRODUCT_BUNDLE_IDENTIFIER = com.nulltwenty.NewsOnMyWatch.watchkitapp;
				PRODUCT_NAME = "$(TARGET_NAME)";
				SDKROOT = watchos;
				SKIP_INSTALL = YES;
				SWIFT_EMIT_LOC_STRINGS = YES;
				SWIFT_VERSION = 5.0;
				TARGETED_DEVICE_FAMILY = 4;
				WATCHOS_DEPLOYMENT_TARGET = 8.3;
			};
			name = Release;
		};
		07E23395276B32CC00126190 /* Debug */ = {
			isa = XCBuildConfiguration;
			buildSettings = {
				CODE_SIGN_STYLE = Automatic;
				CURRENT_PROJECT_VERSION = 1;
				DEVELOPMENT_TEAM = 2357A78TMR;
				MARKETING_VERSION = 1.0;
				PRODUCT_BUNDLE_IDENTIFIER = com.nulltwenty.NewsOnMyWatch;
				PRODUCT_NAME = "$(TARGET_NAME)";
				SWIFT_VERSION = 5.0;
			};
			name = Debug;
		};
		07E23396276B32CC00126190 /* Release */ = {
			isa = XCBuildConfiguration;
			buildSettings = {
				CODE_SIGN_STYLE = Automatic;
				CURRENT_PROJECT_VERSION = 1;
				DEVELOPMENT_TEAM = 2357A78TMR;
				MARKETING_VERSION = 1.0;
				PRODUCT_BUNDLE_IDENTIFIER = com.nulltwenty.NewsOnMyWatch;
				PRODUCT_NAME = "$(TARGET_NAME)";
				SWIFT_VERSION = 5.0;
			};
			name = Release;
		};
/* End XCBuildConfiguration section */

/* Begin XCConfigurationList section */
		07E23362276B32C500126190 /* Build configuration list for PBXProject "NewsOnMyWatch" */ = {
			isa = XCConfigurationList;
			buildConfigurations = (
				07E2338A276B32CC00126190 /* Debug */,
				07E2338B276B32CC00126190 /* Release */,
			);
			defaultConfigurationIsVisible = 0;
			defaultConfigurationName = Release;
		};
		07E2338C276B32CC00126190 /* Build configuration list for PBXNativeTarget "NewsOnMyWatch WatchKit Extension" */ = {
			isa = XCConfigurationList;
			buildConfigurations = (
				07E2338D276B32CC00126190 /* Debug */,
				07E2338E276B32CC00126190 /* Release */,
			);
			defaultConfigurationIsVisible = 0;
			defaultConfigurationName = Release;
		};
		07E23390276B32CC00126190 /* Build configuration list for PBXNativeTarget "NewsOnMyWatch WatchKit App" */ = {
			isa = XCConfigurationList;
			buildConfigurations = (
				07E23391276B32CC00126190 /* Debug */,
				07E23392276B32CC00126190 /* Release */,
			);
			defaultConfigurationIsVisible = 0;
			defaultConfigurationName = Release;
		};
		07E23394276B32CC00126190 /* Build configuration list for PBXNativeTarget "NewsOnMyWatch" */ = {
			isa = XCConfigurationList;
			buildConfigurations = (
				07E23395276B32CC00126190 /* Debug */,
				07E23396276B32CC00126190 /* Release */,
			);
			defaultConfigurationIsVisible = 0;
			defaultConfigurationName = Release;
		};
/* End XCConfigurationList section */
	};
	rootObject = 07E2335F276B32C500126190 /* Project object */;
}
